
Microsoft Visual Studio Solution File, Format Version 12.00
# Visual Studio Version 16
VisualStudioVersion = 16.0.29728.190
MinimumVisualStudioVersion = 10.0.40219.1
Project("{FAE04EC0-301F-11D3-BF4B-00C04F79EFBC}") = "ContosoUniversity", "ContosoUniversity.csproj", "{C5319FD0-3FB7-48FA-BFED-33D83E78E5AE}"
EndProject
Global
	GlobalSection(SolutionConfigurationPlatforms) = preSolution
		Debug|Any CPU = Debug|Any CPU
		Release|Any CPU = Release|Any CPU
	EndGlobalSection
	GlobalSection(ProjectConfigurationPlatforms) = postSolution
		{C5319FD0-3FB7-48FA-BFED-33D83E78E5AE}.Debug|Any CPU.ActiveCfg = Debug|Any CPU
		{C5319FD0-3FB7-48FA-BFED-33D83E78E5AE}.Debug|Any CPU.Build.0 = Debug|Any CPU
		{C5319FD0-3FB7-48FA-BFED-33D83E78E5AE}.Release|Any CPU.ActiveCfg = Release|Any CPU
		{C5319FD0-3FB7-48FA-BFED-33D83E78E5AE}.Release|Any CPU.Build.0 = Release|Any CPU
	EndGlobalSection
	GlobalSection(SolutionProperties) = preSolution
		HideSolutionNode = FALSE
	EndGlobalSection
	GlobalSection(ExtensibilityGlobals) = postSolution
		SolutionGuid = {AD3E0992-5C2B-40E6-B45C-A9BF6D800AC2}
	EndGlobalSection
EndGlobal
